# THIS IS AN AUTOGENERATED FILE. DO NOT EDIT THIS FILE DIRECTLY.
# yarn lockfile v1


node-graphviz@^0.1.1:
  version "0.1.1"
  resolved "https://registry.yarnpkg.com/node-graphviz/-/node-graphviz-0.1.1.tgz#3360c8710dbe42b744997419a635d224ad5861a6"
  integrity sha512-riY8/pFGSD1ipmyzqCwuN2M6W02ELfuLDjhJvTrQCUS/15tyU8ExkC96mlQrNLBK8Ws0z8PdH+ChBT6DuPFWWA==

uuid@^9.0.0:
  version "9.0.0"
  resolved "https://registry.yarnpkg.com/uuid/-/uuid-9.0.0.tgz#592f550650024a38ceb0c562f2f6aa435761efb5"
  integrity sha512-MXcSTerfPa4uqyzStbRoTgt5XIe3x5+42+q1sDuy3R5MDk66URdLMOZe5aPX/SQd+kuYAh0FdP/pO28IkQyTeg==
